// !$*UTF8*$!
{
	archiveVersion = 1;
	classes = {
	};
	objectVersion = 46;
	objects = {

/* Begin PBXBuildFile section */
		14D98B2A79F3779834347643 /* libPods-LJToolKitDemoUITests.a in Frameworks */ = {isa = PBXBuildFile; fileRef = E1A8F561D79916483C7FE244 /* libPods-LJToolKitDemoUITests.a */; };
		4121F9DC224892EAE30BAFC6 /* libPods-LJToolKitDemo.a in Frameworks */ = {isa = PBXBuildFile; fileRef = DD6D3027B41771EB72D0964D /* libPods-LJToolKitDemo.a */; };
		6235D15861BDCE8E57D92E53 /* libPods-LJToolKitDemoTests.a in Frameworks */ = {isa = PBXBuildFile; fileRef = 4EFC84745935EE47F5FDCC94 /* libPods-LJToolKitDemoTests.a */; };
		AB8FBFEE1FA8578B00D8069C /* NSDate+LJBaseExtension.m in Sources */ = {isa = PBXBuildFile; fileRef = AB8FBFD51FA8578B00D8069C /* NSDate+LJBaseExtension.m */; };
		AB8FBFEF1FA8578B00D8069C /* NSSet+LJNSSetMethod.m in Sources */ = {isa = PBXBuildFile; fileRef = AB8FBFD81FA8578B00D8069C /* NSSet+LJNSSetMethod.m */; };
		AB8FBFF01FA8578B00D8069C /* NSObject+LJAddProperty.m in Sources */ = {isa = PBXBuildFile; fileRef = AB8FBFDC1FA8578B00D8069C /* NSObject+LJAddProperty.m */; };
		AB8FBFF11FA8578B00D8069C /* NSObject+LJRuntimeMethod.m in Sources */ = {isa = PBXBuildFile; fileRef = AB8FBFDE1FA8578B00D8069C /* NSObject+LJRuntimeMethod.m */; };
		AB8FBFF21FA8578B00D8069C /* NSObject+PhotosCategory.m in Sources */ = {isa = PBXBuildFile; fileRef = AB8FBFE21FA8578B00D8069C /* NSObject+PhotosCategory.m */; };
		AB8FBFF31FA8578B00D8069C /* UIView+LJMBProgressHUDTool.m in Sources */ = {isa = PBXBuildFile; fileRef = AB8FBFE61FA8578B00D8069C /* UIView+LJMBProgressHUDTool.m */; };
		AB8FBFF41FA8578B00D8069C /* UIView+LJGestureTool.m in Sources */ = {isa = PBXBuildFile; fileRef = AB8FBFEA1FA8578B00D8069C /* UIView+LJGestureTool.m */; };
		AB8FBFF51FA8578B00D8069C /* UITextView+LJTextViewTool.m in Sources */ = {isa = PBXBuildFile; fileRef = AB8FBFED1FA8578B00D8069C /* UITextView+LJTextViewTool.m */; };
		ABEDDDE41F66805600E8C424 /* main.m in Sources */ = {isa = PBXBuildFile; fileRef = ABEDDDE31F66805600E8C424 /* main.m */; };
		ABEDDDE71F66805600E8C424 /* AppDelegate.m in Sources */ = {isa = PBXBuildFile; fileRef = ABEDDDE61F66805600E8C424 /* AppDelegate.m */; };
		ABEDDDEA1F66805600E8C424 /* ViewController.m in Sources */ = {isa = PBXBuildFile; fileRef = ABEDDDE91F66805600E8C424 /* ViewController.m */; };
		ABEDDDED1F66805600E8C424 /* Main.storyboard in Resources */ = {isa = PBXBuildFile; fileRef = ABEDDDEB1F66805600E8C424 /* Main.storyboard */; };
		ABEDDDEF1F66805600E8C424 /* Assets.xcassets in Resources */ = {isa = PBXBuildFile; fileRef = ABEDDDEE1F66805600E8C424 /* Assets.xcassets */; };
		ABEDDDF21F66805600E8C424 /* LaunchScreen.storyboard in Resources */ = {isa = PBXBuildFile; fileRef = ABEDDDF01F66805600E8C424 /* LaunchScreen.storyboard */; };
		ABEDDDFD1F66805600E8C424 /* LJToolKitDemoTests.m in Sources */ = {isa = PBXBuildFile; fileRef = ABEDDDFC1F66805600E8C424 /* LJToolKitDemoTests.m */; };
		ABEDDE081F66805600E8C424 /* LJToolKitDemoUITests.m in Sources */ = {isa = PBXBuildFile; fileRef = ABEDDE071F66805600E8C424 /* LJToolKitDemoUITests.m */; };
/* End PBXBuildFile section */

/* Begin PBXContainerItemProxy section */
		ABEDDDF91F66805600E8C424 /* PBXContainerItemProxy */ = {
			isa = PBXContainerItemProxy;
			containerPortal = ABEDDDD71F66805600E8C424 /* Project object */;
			proxyType = 1;
			remoteGlobalIDString = ABEDDDDE1F66805600E8C424;
			remoteInfo = LJToolKitDemo;
		};
		ABEDDE041F66805600E8C424 /* PBXContainerItemProxy */ = {
			isa = PBXContainerItemProxy;
			containerPortal = ABEDDDD71F66805600E8C424 /* Project object */;
			proxyType = 1;
			remoteGlobalIDString = ABEDDDDE1F66805600E8C424;
			remoteInfo = LJToolKitDemo;
		};
/* End PBXContainerItemProxy section */

/* Begin PBXFileReference section */
		3EA30A219AC64B2C1196B3FB /* Pods-LJToolKitDemoUITests.debug.xcconfig */ = {isa = PBXFileReference; includeInIndex = 1; lastKnownFileType = text.xcconfig; name = "Pods-LJToolKitDemoUITests.debug.xcconfig"; path = "Pods/Target Support Files/Pods-LJToolKitDemoUITests/Pods-LJToolKitDemoUITests.debug.xcconfig"; sourceTree = "<group>"; };
		4B069434FD1635ECE6B843FC /* Pods-LJToolKitDemoTests.debug.xcconfig */ = {isa = PBXFileReference; includeInIndex = 1; lastKnownFileType = text.xcconfig; name = "Pods-LJToolKitDemoTests.debug.xcconfig"; path = "Pods/Target Support Files/Pods-LJToolKitDemoTests/Pods-LJToolKitDemoTests.debug.xcconfig"; sourceTree = "<group>"; };
		4EFC84745935EE47F5FDCC94 /* libPods-LJToolKitDemoTests.a */ = {isa = PBXFileReference; explicitFileType = archive.ar; includeInIndex = 0; path = "libPods-LJToolKitDemoTests.a"; sourceTree = BUILT_PRODUCTS_DIR; };
		AB8FBFD41FA8578B00D8069C /* NSDate+LJBaseExtension.h */ = {isa = PBXFileReference; fileEncoding = 4; lastKnownFileType = sourcecode.c.h; path = "NSDate+LJBaseExtension.h"; sourceTree = "<group>"; };
		AB8FBFD51FA8578B00D8069C /* NSDate+LJBaseExtension.m */ = {isa = PBXFileReference; fileEncoding = 4; lastKnownFileType = sourcecode.c.objc; path = "NSDate+LJBaseExtension.m"; sourceTree = "<group>"; };
		AB8FBFD71FA8578B00D8069C /* NSSet+LJNSSetMethod.h */ = {isa = PBXFileReference; fileEncoding = 4; lastKnownFileType = sourcecode.c.h; path = "NSSet+LJNSSetMethod.h"; sourceTree = "<group>"; };
		AB8FBFD81FA8578B00D8069C /* NSSet+LJNSSetMethod.m */ = {isa = PBXFileReference; fileEncoding = 4; lastKnownFileType = sourcecode.c.objc; path = "NSSet+LJNSSetMethod.m"; sourceTree = "<group>"; };
		AB8FBFDB1FA8578B00D8069C /* NSObject+LJAddProperty.h */ = {isa = PBXFileReference; fileEncoding = 4; lastKnownFileType = sourcecode.c.h; path = "NSObject+LJAddProperty.h"; sourceTree = "<group>"; };
		AB8FBFDC1FA8578B00D8069C /* NSObject+LJAddProperty.m */ = {isa = PBXFileReference; fileEncoding = 4; lastKnownFileType = sourcecode.c.objc; path = "NSObject+LJAddProperty.m"; sourceTree = "<group>"; };
		AB8FBFDD1FA8578B00D8069C /* NSObject+LJRuntimeMethod.h */ = {isa = PBXFileReference; fileEncoding = 4; lastKnownFileType = sourcecode.c.h; path = "NSObject+LJRuntimeMethod.h"; sourceTree = "<group>"; };
		AB8FBFDE1FA8578B00D8069C /* NSObject+LJRuntimeMethod.m */ = {isa = PBXFileReference; fileEncoding = 4; lastKnownFileType = sourcecode.c.objc; path = "NSObject+LJRuntimeMethod.m"; sourceTree = "<group>"; };
		AB8FBFE11FA8578B00D8069C /* NSObject+PhotosCategory.h */ = {isa = PBXFileReference; fileEncoding = 4; lastKnownFileType = sourcecode.c.h; path = "NSObject+PhotosCategory.h"; sourceTree = "<group>"; };
		AB8FBFE21FA8578B00D8069C /* NSObject+PhotosCategory.m */ = {isa = PBXFileReference; fileEncoding = 4; lastKnownFileType = sourcecode.c.objc; path = "NSObject+PhotosCategory.m"; sourceTree = "<group>"; };
		AB8FBFE51FA8578B00D8069C /* UIView+LJMBProgressHUDTool.h */ = {isa = PBXFileReference; fileEncoding = 4; lastKnownFileType = sourcecode.c.h; path = "UIView+LJMBProgressHUDTool.h"; sourceTree = "<group>"; };
		AB8FBFE61FA8578B00D8069C /* UIView+LJMBProgressHUDTool.m */ = {isa = PBXFileReference; fileEncoding = 4; lastKnownFileType = sourcecode.c.objc; path = "UIView+LJMBProgressHUDTool.m"; sourceTree = "<group>"; };
		AB8FBFE91FA8578B00D8069C /* UIView+LJGestureTool.h */ = {isa = PBXFileReference; fileEncoding = 4; lastKnownFileType = sourcecode.c.h; path = "UIView+LJGestureTool.h"; sourceTree = "<group>"; };
		AB8FBFEA1FA8578B00D8069C /* UIView+LJGestureTool.m */ = {isa = PBXFileReference; fileEncoding = 4; lastKnownFileType = sourcecode.c.objc; path = "UIView+LJGestureTool.m"; sourceTree = "<group>"; };
		AB8FBFEC1FA8578B00D8069C /* UITextView+LJTextViewTool.h */ = {isa = PBXFileReference; fileEncoding = 4; lastKnownFileType = sourcecode.c.h; path = "UITextView+LJTextViewTool.h"; sourceTree = "<group>"; };
		AB8FBFED1FA8578B00D8069C /* UITextView+LJTextViewTool.m */ = {isa = PBXFileReference; fileEncoding = 4; lastKnownFileType = sourcecode.c.objc; path = "UITextView+LJTextViewTool.m"; sourceTree = "<group>"; };
		ABEDDDDF1F66805600E8C424 /* LJToolKitDemo.app */ = {isa = PBXFileReference; explicitFileType = wrapper.application; includeInIndex = 0; path = LJToolKitDemo.app; sourceTree = BUILT_PRODUCTS_DIR; };
		ABEDDDE31F66805600E8C424 /* main.m */ = {isa = PBXFileReference; lastKnownFileType = sourcecode.c.objc; path = main.m; sourceTree = "<group>"; };
		ABEDDDE51F66805600E8C424 /* AppDelegate.h */ = {isa = PBXFileReference; lastKnownFileType = sourcecode.c.h; path = AppDelegate.h; sourceTree = "<group>"; };
		ABEDDDE61F66805600E8C424 /* AppDelegate.m */ = {isa = PBXFileReference; lastKnownFileType = sourcecode.c.objc; path = AppDelegate.m; sourceTree = "<group>"; };
		ABEDDDE81F66805600E8C424 /* ViewController.h */ = {isa = PBXFileReference; lastKnownFileType = sourcecode.c.h; path = ViewController.h; sourceTree = "<group>"; };
		ABEDDDE91F66805600E8C424 /* ViewController.m */ = {isa = PBXFileReference; lastKnownFileType = sourcecode.c.objc; path = ViewController.m; sourceTree = "<group>"; };
		ABEDDDEC1F66805600E8C424 /* Base */ = {isa = PBXFileReference; lastKnownFileType = file.storyboard; name = Base; path = Base.lproj/Main.storyboard; sourceTree = "<group>"; };
		ABEDDDEE1F66805600E8C424 /* Assets.xcassets */ = {isa = PBXFileReference; lastKnownFileType = folder.assetcatalog; path = Assets.xcassets; sourceTree = "<group>"; };
		ABEDDDF11F66805600E8C424 /* Base */ = {isa = PBXFileReference; lastKnownFileType = file.storyboard; name = Base; path = Base.lproj/LaunchScreen.storyboard; sourceTree = "<group>"; };
		ABEDDDF31F66805600E8C424 /* Info.plist */ = {isa = PBXFileReference; lastKnownFileType = text.plist.xml; path = Info.plist; sourceTree = "<group>"; };
		ABEDDDF81F66805600E8C424 /* LJToolKitDemoTests.xctest */ = {isa = PBXFileReference; explicitFileType = wrapper.cfbundle; includeInIndex = 0; path = LJToolKitDemoTests.xctest; sourceTree = BUILT_PRODUCTS_DIR; };
		ABEDDDFC1F66805600E8C424 /* LJToolKitDemoTests.m */ = {isa = PBXFileReference; lastKnownFileType = sourcecode.c.objc; path = LJToolKitDemoTests.m; sourceTree = "<group>"; };
		ABEDDDFE1F66805600E8C424 /* Info.plist */ = {isa = PBXFileReference; lastKnownFileType = text.plist.xml; path = Info.plist; sourceTree = "<group>"; };
		ABEDDE031F66805600E8C424 /* LJToolKitDemoUITests.xctest */ = {isa = PBXFileReference; explicitFileType = wrapper.cfbundle; includeInIndex = 0; path = LJToolKitDemoUITests.xctest; sourceTree = BUILT_PRODUCTS_DIR; };
		ABEDDE071F66805600E8C424 /* LJToolKitDemoUITests.m */ = {isa = PBXFileReference; lastKnownFileType = sourcecode.c.objc; path = LJToolKitDemoUITests.m; sourceTree = "<group>"; };
		ABEDDE091F66805600E8C424 /* Info.plist */ = {isa = PBXFileReference; lastKnownFileType = text.plist.xml; path = Info.plist; sourceTree = "<group>"; };
		ADEE75620F56DD8D7239719D /* Pods-LJToolKitDemoUITests.release.xcconfig */ = {isa = PBXFileReference; includeInIndex = 1; lastKnownFileType = text.xcconfig; name = "Pods-LJToolKitDemoUITests.release.xcconfig"; path = "Pods/Target Support Files/Pods-LJToolKitDemoUITests/Pods-LJToolKitDemoUITests.release.xcconfig"; sourceTree = "<group>"; };
		B4968F63B2396B82DCE9CDED /* Pods-LJToolKitDemo.release.xcconfig */ = {isa = PBXFileReference; includeInIndex = 1; lastKnownFileType = text.xcconfig; name = "Pods-LJToolKitDemo.release.xcconfig"; path = "Pods/Target Support Files/Pods-LJToolKitDemo/Pods-LJToolKitDemo.release.xcconfig"; sourceTree = "<group>"; };
		DD6D3027B41771EB72D0964D /* libPods-LJToolKitDemo.a */ = {isa = PBXFileReference; explicitFileType = archive.ar; includeInIndex = 0; path = "libPods-LJToolKitDemo.a"; sourceTree = BUILT_PRODUCTS_DIR; };
		E1A8F561D79916483C7FE244 /* libPods-LJToolKitDemoUITests.a */ = {isa = PBXFileReference; explicitFileType = archive.ar; includeInIndex = 0; path = "libPods-LJToolKitDemoUITests.a"; sourceTree = BUILT_PRODUCTS_DIR; };
		EE49B1F317356681D05C86E2 /* Pods-LJToolKitDemo.debug.xcconfig */ = {isa = PBXFileReference; includeInIndex = 1; lastKnownFileType = text.xcconfig; name = "Pods-LJToolKitDemo.debug.xcconfig"; path = "Pods/Target Support Files/Pods-LJToolKitDemo/Pods-LJToolKitDemo.debug.xcconfig"; sourceTree = "<group>"; };
		F148EDB7EF67A30C0CE833A8 /* Pods-LJToolKitDemoTests.release.xcconfig */ = {isa = PBXFileReference; includeInIndex = 1; lastKnownFileType = text.xcconfig; name = "Pods-LJToolKitDemoTests.release.xcconfig"; path = "Pods/Target Support Files/Pods-LJToolKitDemoTests/Pods-LJToolKitDemoTests.release.xcconfig"; sourceTree = "<group>"; };
/* End PBXFileReference section */

/* Begin PBXFrameworksBuildPhase section */
		ABEDDDDC1F66805600E8C424 /* Frameworks */ = {
			isa = PBXFrameworksBuildPhase;
			buildActionMask = 2147483647;
			files = (
				4121F9DC224892EAE30BAFC6 /* libPods-LJToolKitDemo.a in Frameworks */,
			);
			runOnlyForDeploymentPostprocessing = 0;
		};
		ABEDDDF51F66805600E8C424 /* Frameworks */ = {
			isa = PBXFrameworksBuildPhase;
			buildActionMask = 2147483647;
			files = (
				6235D15861BDCE8E57D92E53 /* libPods-LJToolKitDemoTests.a in Frameworks */,
			);
			runOnlyForDeploymentPostprocessing = 0;
		};
		ABEDDE001F66805600E8C424 /* Frameworks */ = {
			isa = PBXFrameworksBuildPhase;
			buildActionMask = 2147483647;
			files = (
				14D98B2A79F3779834347643 /* libPods-LJToolKitDemoUITests.a in Frameworks */,
			);
			runOnlyForDeploymentPostprocessing = 0;
		};
/* End PBXFrameworksBuildPhase section */

/* Begin PBXGroup section */
		27BF1E0DC24023BE7DA74675 /* Pods */ = {
			isa = PBXGroup;
			children = (
				EE49B1F317356681D05C86E2 /* Pods-LJToolKitDemo.debug.xcconfig */,
				B4968F63B2396B82DCE9CDED /* Pods-LJToolKitDemo.release.xcconfig */,
				4B069434FD1635ECE6B843FC /* Pods-LJToolKitDemoTests.debug.xcconfig */,
				F148EDB7EF67A30C0CE833A8 /* Pods-LJToolKitDemoTests.release.xcconfig */,
				3EA30A219AC64B2C1196B3FB /* Pods-LJToolKitDemoUITests.debug.xcconfig */,
				ADEE75620F56DD8D7239719D /* Pods-LJToolKitDemoUITests.release.xcconfig */,
			);
			name = Pods;
			sourceTree = "<group>";
		};
		823965FD543BBE4E90613B33 /* Frameworks */ = {
			isa = PBXGroup;
			children = (
				DD6D3027B41771EB72D0964D /* libPods-LJToolKitDemo.a */,
				4EFC84745935EE47F5FDCC94 /* libPods-LJToolKitDemoTests.a */,
				E1A8F561D79916483C7FE244 /* libPods-LJToolKitDemoUITests.a */,
			);
			name = Frameworks;
			sourceTree = "<group>";
		};
		AB8FBFD11FA8578B00D8069C /* LJToolKit */ = {
			isa = PBXGroup;
			children = (
				AB8FBFD21FA8578B00D8069C /* LJFoundationTool */,
				AB8FBFD91FA8578B00D8069C /* LJObjcTool */,
				AB8FBFDF1FA8578B00D8069C /* LJPhotosTool */,
				AB8FBFE31FA8578B00D8069C /* LJThirdPartyTool */,
				AB8FBFE71FA8578B00D8069C /* LJUIKitTool */,
			);
			path = LJToolKit;
			sourceTree = "<group>";
		};
		AB8FBFD21FA8578B00D8069C /* LJFoundationTool */ = {
			isa = PBXGroup;
			children = (
				AB8FBFD31FA8578B00D8069C /* LJNSDateTool */,
				AB8FBFD61FA8578B00D8069C /* LJNSSetTool */,
			);
			path = LJFoundationTool;
			sourceTree = "<group>";
		};
		AB8FBFD31FA8578B00D8069C /* LJNSDateTool */ = {
			isa = PBXGroup;
			children = (
				AB8FBFD41FA8578B00D8069C /* NSDate+LJBaseExtension.h */,
				AB8FBFD51FA8578B00D8069C /* NSDate+LJBaseExtension.m */,
			);
			path = LJNSDateTool;
			sourceTree = "<group>";
		};
		AB8FBFD61FA8578B00D8069C /* LJNSSetTool */ = {
			isa = PBXGroup;
			children = (
				AB8FBFD71FA8578B00D8069C /* NSSet+LJNSSetMethod.h */,
				AB8FBFD81FA8578B00D8069C /* NSSet+LJNSSetMethod.m */,
			);
			path = LJNSSetTool;
			sourceTree = "<group>";
		};
		AB8FBFD91FA8578B00D8069C /* LJObjcTool */ = {
			isa = PBXGroup;
			children = (
				AB8FBFDA1FA8578B00D8069C /* LJRuntimeTool */,
			);
			path = LJObjcTool;
			sourceTree = "<group>";
		};
		AB8FBFDA1FA8578B00D8069C /* LJRuntimeTool */ = {
			isa = PBXGroup;
			children = (
				AB8FBFDB1FA8578B00D8069C /* NSObject+LJAddProperty.h */,
				AB8FBFDC1FA8578B00D8069C /* NSObject+LJAddProperty.m */,
				AB8FBFDD1FA8578B00D8069C /* NSObject+LJRuntimeMethod.h */,
				AB8FBFDE1FA8578B00D8069C /* NSObject+LJRuntimeMethod.m */,
			);
			path = LJRuntimeTool;
			sourceTree = "<group>";
		};
		AB8FBFDF1FA8578B00D8069C /* LJPhotosTool */ = {
			isa = PBXGroup;
			children = (
				AB8FBFE01FA8578B00D8069C /* LJPhotos */,
			);
			path = LJPhotosTool;
			sourceTree = "<group>";
		};
		AB8FBFE01FA8578B00D8069C /* LJPhotos */ = {
			isa = PBXGroup;
			children = (
				AB8FBFE11FA8578B00D8069C /* NSObject+PhotosCategory.h */,
				AB8FBFE21FA8578B00D8069C /* NSObject+PhotosCategory.m */,
			);
			path = LJPhotos;
			sourceTree = "<group>";
		};
		AB8FBFE31FA8578B00D8069C /* LJThirdPartyTool */ = {
			isa = PBXGroup;
			children = (
				AB8FBFE41FA8578B00D8069C /* LJMBProgressHUDTool */,
			);
			path = LJThirdPartyTool;
			sourceTree = "<group>";
		};
		AB8FBFE41FA8578B00D8069C /* LJMBProgressHUDTool */ = {
			isa = PBXGroup;
			children = (
				AB8FBFE51FA8578B00D8069C /* UIView+LJMBProgressHUDTool.h */,
				AB8FBFE61FA8578B00D8069C /* UIView+LJMBProgressHUDTool.m */,
			);
			path = LJMBProgressHUDTool;
			sourceTree = "<group>";
		};
		AB8FBFE71FA8578B00D8069C /* LJUIKitTool */ = {
			isa = PBXGroup;
			children = (
				AB8FBFE81FA8578B00D8069C /* LJGestureTool */,
				AB8FBFEB1FA8578B00D8069C /* LJTextViewTool */,
			);
			path = LJUIKitTool;
			sourceTree = "<group>";
		};
		AB8FBFE81FA8578B00D8069C /* LJGestureTool */ = {
			isa = PBXGroup;
			children = (
				AB8FBFE91FA8578B00D8069C /* UIView+LJGestureTool.h */,
				AB8FBFEA1FA8578B00D8069C /* UIView+LJGestureTool.m */,
			);
			path = LJGestureTool;
			sourceTree = "<group>";
		};
		AB8FBFEB1FA8578B00D8069C /* LJTextViewTool */ = {
			isa = PBXGroup;
			children = (
				AB8FBFEC1FA8578B00D8069C /* UITextView+LJTextViewTool.h */,
				AB8FBFED1FA8578B00D8069C /* UITextView+LJTextViewTool.m */,
			);
			path = LJTextViewTool;
			sourceTree = "<group>";
		};
		ABEDDDD61F66805600E8C424 = {
			isa = PBXGroup;
			children = (
				ABEDDDE11F66805600E8C424 /* LJToolKitDemo */,
				ABEDDDFB1F66805600E8C424 /* LJToolKitDemoTests */,
				ABEDDE061F66805600E8C424 /* LJToolKitDemoUITests */,
				ABEDDDE01F66805600E8C424 /* Products */,
				27BF1E0DC24023BE7DA74675 /* Pods */,
				823965FD543BBE4E90613B33 /* Frameworks */,
			);
			sourceTree = "<group>";
		};
		ABEDDDE01F66805600E8C424 /* Products */ = {
			isa = PBXGroup;
			children = (
				ABEDDDDF1F66805600E8C424 /* LJToolKitDemo.app */,
				ABEDDDF81F66805600E8C424 /* LJToolKitDemoTests.xctest */,
				ABEDDE031F66805600E8C424 /* LJToolKitDemoUITests.xctest */,
			);
			name = Products;
			sourceTree = "<group>";
		};
		ABEDDDE11F66805600E8C424 /* LJToolKitDemo */ = {
			isa = PBXGroup;
			children = (
				AB8FBFD11FA8578B00D8069C /* LJToolKit */,
				ABEDDDE51F66805600E8C424 /* AppDelegate.h */,
				ABEDDDE61F66805600E8C424 /* AppDelegate.m */,
				ABEDDDE81F66805600E8C424 /* ViewController.h */,
				ABEDDDE91F66805600E8C424 /* ViewController.m */,
				ABEDDDEB1F66805600E8C424 /* Main.storyboard */,
				ABEDDDEE1F66805600E8C424 /* Assets.xcassets */,
				ABEDDDF01F66805600E8C424 /* LaunchScreen.storyboard */,
				ABEDDDF31F66805600E8C424 /* Info.plist */,
				ABEDDDE21F66805600E8C424 /* Supporting Files */,
			);
			path = LJToolKitDemo;
			sourceTree = "<group>";
		};
		ABEDDDE21F66805600E8C424 /* Supporting Files */ = {
			isa = PBXGroup;
			children = (
				ABEDDDE31F66805600E8C424 /* main.m */,
			);
			name = "Supporting Files";
			sourceTree = "<group>";
		};
		ABEDDDFB1F66805600E8C424 /* LJToolKitDemoTests */ = {
			isa = PBXGroup;
			children = (
				ABEDDDFC1F66805600E8C424 /* LJToolKitDemoTests.m */,
				ABEDDDFE1F66805600E8C424 /* Info.plist */,
			);
			path = LJToolKitDemoTests;
			sourceTree = "<group>";
		};
		ABEDDE061F66805600E8C424 /* LJToolKitDemoUITests */ = {
			isa = PBXGroup;
			children = (
				ABEDDE071F66805600E8C424 /* LJToolKitDemoUITests.m */,
				ABEDDE091F66805600E8C424 /* Info.plist */,
			);
			path = LJToolKitDemoUITests;
			sourceTree = "<group>";
		};
/* End PBXGroup section */

/* Begin PBXNativeTarget section */
		ABEDDDDE1F66805600E8C424 /* LJToolKitDemo */ = {
			isa = PBXNativeTarget;
			buildConfigurationList = ABEDDE0C1F66805600E8C424 /* Build configuration list for PBXNativeTarget "LJToolKitDemo" */;
			buildPhases = (
				686CEC1963FE9521DE50C91E /* [CP] Check Pods Manifest.lock */,
				ABEDDDDB1F66805600E8C424 /* Sources */,
				ABEDDDDC1F66805600E8C424 /* Frameworks */,
				ABEDDDDD1F66805600E8C424 /* Resources */,
				9349F636DE05CC13F05D22D1 /* [CP] Embed Pods Frameworks */,
				38B72019EC35E393DAE531BE /* [CP] Copy Pods Resources */,
			);
			buildRules = (
			);
			dependencies = (
			);
			name = LJToolKitDemo;
			productName = LJToolKitDemo;
			productReference = ABEDDDDF1F66805600E8C424 /* LJToolKitDemo.app */;
			productType = "com.apple.product-type.application";
		};
		ABEDDDF71F66805600E8C424 /* LJToolKitDemoTests */ = {
			isa = PBXNativeTarget;
			buildConfigurationList = ABEDDE0F1F66805600E8C424 /* Build configuration list for PBXNativeTarget "LJToolKitDemoTests" */;
			buildPhases = (
				ABEB1E9084DF543F81981043 /* [CP] Check Pods Manifest.lock */,
				ABEDDDF41F66805600E8C424 /* Sources */,
				ABEDDDF51F66805600E8C424 /* Frameworks */,
				ABEDDDF61F66805600E8C424 /* Resources */,
				853F34C435BFD57861AF57B1 /* [CP] Embed Pods Frameworks */,
				0B512A27072A5792B6C7E678 /* [CP] Copy Pods Resources */,
			);
			buildRules = (
			);
			dependencies = (
				ABEDDDFA1F66805600E8C424 /* PBXTargetDependency */,
			);
			name = LJToolKitDemoTests;
			productName = LJToolKitDemoTests;
			productReference = ABEDDDF81F66805600E8C424 /* LJToolKitDemoTests.xctest */;
			productType = "com.apple.product-type.bundle.unit-test";
		};
		ABEDDE021F66805600E8C424 /* LJToolKitDemoUITests */ = {
			isa = PBXNativeTarget;
			buildConfigurationList = ABEDDE121F66805600E8C424 /* Build configuration list for PBXNativeTarget "LJToolKitDemoUITests" */;
			buildPhases = (
				9CE66521F326ECC1235DB6E4 /* [CP] Check Pods Manifest.lock */,
				ABEDDDFF1F66805600E8C424 /* Sources */,
				ABEDDE001F66805600E8C424 /* Frameworks */,
				ABEDDE011F66805600E8C424 /* Resources */,
				B6A565D15EA535EE29F4A718 /* [CP] Embed Pods Frameworks */,
				8C72179270B333A41D40F633 /* [CP] Copy Pods Resources */,
			);
			buildRules = (
			);
			dependencies = (
				ABEDDE051F66805600E8C424 /* PBXTargetDependency */,
			);
			name = LJToolKitDemoUITests;
			productName = LJToolKitDemoUITests;
			productReference = ABEDDE031F66805600E8C424 /* LJToolKitDemoUITests.xctest */;
			productType = "com.apple.product-type.bundle.ui-testing";
		};
/* End PBXNativeTarget section */

/* Begin PBXProject section */
		ABEDDDD71F66805600E8C424 /* Project object */ = {
			isa = PBXProject;
			attributes = {
				LastUpgradeCheck = 0830;
				ORGANIZATIONNAME = "宋立军";
				TargetAttributes = {
					ABEDDDDE1F66805600E8C424 = {
						CreatedOnToolsVersion = 8.3.3;
						ProvisioningStyle = Automatic;
					};
					ABEDDDF71F66805600E8C424 = {
						CreatedOnToolsVersion = 8.3.3;
						ProvisioningStyle = Automatic;
						TestTargetID = ABEDDDDE1F66805600E8C424;
					};
					ABEDDE021F66805600E8C424 = {
						CreatedOnToolsVersion = 8.3.3;
						ProvisioningStyle = Automatic;
						TestTargetID = ABEDDDDE1F66805600E8C424;
					};
				};
			};
			buildConfigurationList = ABEDDDDA1F66805600E8C424 /* Build configuration list for PBXProject "LJToolKitDemo" */;
			compatibilityVersion = "Xcode 3.2";
			developmentRegion = English;
			hasScannedForEncodings = 0;
			knownRegions = (
				en,
				Base,
			);
			mainGroup = ABEDDDD61F66805600E8C424;
			productRefGroup = ABEDDDE01F66805600E8C424 /* Products */;
			projectDirPath = "";
			projectRoot = "";
			targets = (
				ABEDDDDE1F66805600E8C424 /* LJToolKitDemo */,
				ABEDDDF71F66805600E8C424 /* LJToolKitDemoTests */,
				ABEDDE021F66805600E8C424 /* LJToolKitDemoUITests */,
			);
		};
/* End PBXProject section */

/* Begin PBXResourcesBuildPhase section */
		ABEDDDDD1F66805600E8C424 /* Resources */ = {
			isa = PBXResourcesBuildPhase;
			buildActionMask = 2147483647;
			files = (
				ABEDDDF21F66805600E8C424 /* LaunchScreen.storyboard in Resources */,
				ABEDDDEF1F66805600E8C424 /* Assets.xcassets in Resources */,
				ABEDDDED1F66805600E8C424 /* Main.storyboard in Resources */,
			);
			runOnlyForDeploymentPostprocessing = 0;
		};
		ABEDDDF61F66805600E8C424 /* Resources */ = {
			isa = PBXResourcesBuildPhase;
			buildActionMask = 2147483647;
			files = (
			);
			runOnlyForDeploymentPostprocessing = 0;
		};
		ABEDDE011F66805600E8C424 /* Resources */ = {
			isa = PBXResourcesBuildPhase;
			buildActionMask = 2147483647;
			files = (
			);
			runOnlyForDeploymentPostprocessing = 0;
		};
/* End PBXResourcesBuildPhase section */

/* Begin PBXShellScriptBuildPhase section */
		0B512A27072A5792B6C7E678 /* [CP] Copy Pods Resources */ = {
			isa = PBXShellScriptBuildPhase;
			buildActionMask = 2147483647;
			files = (
			);
			inputPaths = (
			);
			name = "[CP] Copy Pods Resources";
			outputPaths = (
			);
			runOnlyForDeploymentPostprocessing = 0;
			shellPath = /bin/sh;
			shellScript = "\"${SRCROOT}/Pods/Target Support Files/Pods-LJToolKitDemoTests/Pods-LJToolKitDemoTests-resources.sh\"\n";
			showEnvVarsInLog = 0;
		};
		38B72019EC35E393DAE531BE /* [CP] Copy Pods Resources */ = {
			isa = PBXShellScriptBuildPhase;
			buildActionMask = 2147483647;
			files = (
			);
			inputPaths = (
			);
			name = "[CP] Copy Pods Resources";
			outputPaths = (
			);
			runOnlyForDeploymentPostprocessing = 0;
			shellPath = /bin/sh;
			shellScript = "\"${SRCROOT}/Pods/Target Support Files/Pods-LJToolKitDemo/Pods-LJToolKitDemo-resources.sh\"\n";
			showEnvVarsInLog = 0;
		};
		686CEC1963FE9521DE50C91E /* [CP] Check Pods Manifest.lock */ = {
			isa = PBXShellScriptBuildPhase;
			buildActionMask = 2147483647;
			files = (
			);
			inputPaths = (
				"${PODS_PODFILE_DIR_PATH}/Podfile.lock",
				"${PODS_ROOT}/Manifest.lock",
			);
			name = "[CP] Check Pods Manifest.lock";
			outputPaths = (
				"$(DERIVED_FILE_DIR)/Pods-LJToolKitDemo-checkManifestLockResult.txt",
			);
			runOnlyForDeploymentPostprocessing = 0;
			shellPath = /bin/sh;
			shellScript = "diff \"${PODS_PODFILE_DIR_PATH}/Podfile.lock\" \"${PODS_ROOT}/Manifest.lock\" > /dev/null\nif [ $? != 0 ] ; then\n    # print error to STDERR\n    echo \"error: The sandbox is not in sync with the Podfile.lock. Run 'pod install' or update your CocoaPods installation.\" >&2\n    exit 1\nfi\n# This output is used by Xcode 'outputs' to avoid re-running this script phase.\necho \"SUCCESS\" > \"${SCRIPT_OUTPUT_FILE_0}\"\n";
			showEnvVarsInLog = 0;
		};
		853F34C435BFD57861AF57B1 /* [CP] Embed Pods Frameworks */ = {
			isa = PBXShellScriptBuildPhase;
			buildActionMask = 2147483647;
			files = (
			);
			inputPaths = (
			);
			name = "[CP] Embed Pods Frameworks";
			outputPaths = (
			);
			runOnlyForDeploymentPostprocessing = 0;
			shellPath = /bin/sh;
			shellScript = "\"${SRCROOT}/Pods/Target Support Files/Pods-LJToolKitDemoTests/Pods-LJToolKitDemoTests-frameworks.sh\"\n";
			showEnvVarsInLog = 0;
		};
		8C72179270B333A41D40F633 /* [CP] Copy Pods Resources */ = {
			isa = PBXShellScriptBuildPhase;
			buildActionMask = 2147483647;
			files = (
			);
			inputPaths = (
			);
			name = "[CP] Copy Pods Resources";
			outputPaths = (
			);
			runOnlyForDeploymentPostprocessing = 0;
			shellPath = /bin/sh;
			shellScript = "\"${SRCROOT}/Pods/Target Support Files/Pods-LJToolKitDemoUITests/Pods-LJToolKitDemoUITests-resources.sh\"\n";
			showEnvVarsInLog = 0;
		};
		9349F636DE05CC13F05D22D1 /* [CP] Embed Pods Frameworks */ = {
			isa = PBXShellScriptBuildPhase;
			buildActionMask = 2147483647;
			files = (
			);
			inputPaths = (
			);
			name = "[CP] Embed Pods Frameworks";
			outputPaths = (
			);
			runOnlyForDeploymentPostprocessing = 0;
			shellPath = /bin/sh;
			shellScript = "\"${SRCROOT}/Pods/Target Support Files/Pods-LJToolKitDemo/Pods-LJToolKitDemo-frameworks.sh\"\n";
			showEnvVarsInLog = 0;
		};
		9CE66521F326ECC1235DB6E4 /* [CP] Check Pods Manifest.lock */ = {
			isa = PBXShellScriptBuildPhase;
			buildActionMask = 2147483647;
			files = (
			);
			inputPaths = (
				"${PODS_PODFILE_DIR_PATH}/Podfile.lock",
				"${PODS_ROOT}/Manifest.lock",
			);
			name = "[CP] Check Pods Manifest.lock";
			outputPaths = (
				"$(DERIVED_FILE_DIR)/Pods-LJToolKitDemoUITests-checkManifestLockResult.txt",
			);
			runOnlyForDeploymentPostprocessing = 0;
			shellPath = /bin/sh;
			shellScript = "diff \"${PODS_PODFILE_DIR_PATH}/Podfile.lock\" \"${PODS_ROOT}/Manifest.lock\" > /dev/null\nif [ $? != 0 ] ; then\n    # print error to STDERR\n    echo \"error: The sandbox is not in sync with the Podfile.lock. Run 'pod install' or update your CocoaPods installation.\" >&2\n    exit 1\nfi\n# This output is used by Xcode 'outputs' to avoid re-running this script phase.\necho \"SUCCESS\" > \"${SCRIPT_OUTPUT_FILE_0}\"\n";
			showEnvVarsInLog = 0;
		};
		ABEB1E9084DF543F81981043 /* [CP] Check Pods Manifest.lock */ = {
			isa = PBXShellScriptBuildPhase;
			buildActionMask = 2147483647;
			files = (
			);
			inputPaths = (
				"${PODS_PODFILE_DIR_PATH}/Podfile.lock",
				"${PODS_ROOT}/Manifest.lock",
			);
			name = "[CP] Check Pods Manifest.lock";
			outputPaths = (
				"$(DERIVED_FILE_DIR)/Pods-LJToolKitDemoTests-checkManifestLockResult.txt",
			);
			runOnlyForDeploymentPostprocessing = 0;
			shellPath = /bin/sh;
			shellScript = "diff \"${PODS_PODFILE_DIR_PATH}/Podfile.lock\" \"${PODS_ROOT}/Manifest.lock\" > /dev/null\nif [ $? != 0 ] ; then\n    # print error to STDERR\n    echo \"error: The sandbox is not in sync with the Podfile.lock. Run 'pod install' or update your CocoaPods installation.\" >&2\n    exit 1\nfi\n# This output is used by Xcode 'outputs' to avoid re-running this script phase.\necho \"SUCCESS\" > \"${SCRIPT_OUTPUT_FILE_0}\"\n";
			showEnvVarsInLog = 0;
		};
		B6A565D15EA535EE29F4A718 /* [CP] Embed Pods Frameworks */ = {
			isa = PBXShellScriptBuildPhase;
			buildActionMask = 2147483647;
			files = (
			);
			inputPaths = (
			);
			name = "[CP] Embed Pods Frameworks";
			outputPaths = (
			);
			runOnlyForDeploymentPostprocessing = 0;
			shellPath = /bin/sh;
			shellScript = "\"${SRCROOT}/Pods/Target Support Files/Pods-LJToolKitDemoUITests/Pods-LJToolKitDemoUITests-frameworks.sh\"\n";
			showEnvVarsInLog = 0;
		};
/* End PBXShellScriptBuildPhase section */

/* Begin PBXSourcesBuildPhase section */
		ABEDDDDB1F66805600E8C424 /* Sources */ = {
			isa = PBXSourcesBuildPhase;
			buildActionMask = 2147483647;
			files = (
				AB8FBFF41FA8578B00D8069C /* UIView+LJGestureTool.m in Sources */,
				AB8FBFF51FA8578B00D8069C /* UITextView+LJTextViewTool.m in Sources */,
				AB8FBFF01FA8578B00D8069C /* NSObject+LJAddProperty.m in Sources */,
				AB8FBFF11FA8578B00D8069C /* NSObject+LJRuntimeMethod.m in Sources */,
				AB8FBFF21FA8578B00D8069C /* NSObject+PhotosCategory.m in Sources */,
				ABEDDDEA1F66805600E8C424 /* ViewController.m in Sources */,
				AB8FBFEF1FA8578B00D8069C /* NSSet+LJNSSetMethod.m in Sources */,
				ABEDDDE71F66805600E8C424 /* AppDelegate.m in Sources */,
				AB8FBFF31FA8578B00D8069C /* UIView+LJMBProgressHUDTool.m in Sources */,
				ABEDDDE41F66805600E8C424 /* main.m in Sources */,
				AB8FBFEE1FA8578B00D8069C /* NSDate+LJBaseExtension.m in Sources */,
			);
			runOnlyForDeploymentPostprocessing = 0;
		};
		ABEDDDF41F66805600E8C424 /* Sources */ = {
			isa = PBXSourcesBuildPhase;
			buildActionMask = 2147483647;
			files = (
				ABEDDDFD1F66805600E8C424 /* LJToolKitDemoTests.m in Sources */,
			);
			runOnlyForDeploymentPostprocessing = 0;
		};
		ABEDDDFF1F66805600E8C424 /* Sources */ = {
			isa = PBXSourcesBuildPhase;
			buildActionMask = 2147483647;
			files = (
				ABEDDE081F66805600E8C424 /* LJToolKitDemoUITests.m in Sources */,
			);
			runOnlyForDeploymentPostprocessing = 0;
		};
/* End PBXSourcesBuildPhase section */

/* Begin PBXTargetDependency section */
		ABEDDDFA1F66805600E8C424 /* PBXTargetDependency */ = {
			isa = PBXTargetDependency;
			target = ABEDDDDE1F66805600E8C424 /* LJToolKitDemo */;
			targetProxy = ABEDDDF91F66805600E8C424 /* PBXContainerItemProxy */;
		};
		ABEDDE051F66805600E8C424 /* PBXTargetDependency */ = {
			isa = PBXTargetDependency;
			target = ABEDDDDE1F66805600E8C424 /* LJToolKitDemo */;
			targetProxy = ABEDDE041F66805600E8C424 /* PBXContainerItemProxy */;
		};
/* End PBXTargetDependency section */

/* Begin PBXVariantGroup section */
		ABEDDDEB1F66805600E8C424 /* Main.storyboard */ = {
			isa = PBXVariantGroup;
			children = (
				ABEDDDEC1F66805600E8C424 /* Base */,
			);
			name = Main.storyboard;
			sourceTree = "<group>";
		};
		ABEDDDF01F66805600E8C424 /* LaunchScreen.storyboard */ = {
			isa = PBXVariantGroup;
			children = (
				ABEDDDF11F66805600E8C424 /* Base */,
			);
			name = LaunchScreen.storyboard;
			sourceTree = "<group>";
		};
/* End PBXVariantGroup section */

/* Begin XCBuildConfiguration section */
		ABEDDE0A1F66805600E8C424 /* Debug */ = {
			isa = XCBuildConfiguration;
			buildSettings = {
				ALWAYS_SEARCH_USER_PATHS = NO;
				CLANG_ANALYZER_NONNULL = YES;
				CLANG_ANALYZER_NUMBER_OBJECT_CONVERSION = YES_AGGRESSIVE;
				CLANG_CXX_LANGUAGE_STANDARD = "gnu++0x";
				CLANG_CXX_LIBRARY = "libc++";
				CLANG_ENABLE_MODULES = YES;
				CLANG_ENABLE_OBJC_ARC = YES;
				CLANG_WARN_BOOL_CONVERSION = YES;
				CLANG_WARN_CONSTANT_CONVERSION = YES;
				CLANG_WARN_DIRECT_OBJC_ISA_USAGE = YES_ERROR;
				CLANG_WARN_DOCUMENTATION_COMMENTS = YES;
				CLANG_WARN_EMPTY_BODY = YES;
				CLANG_WARN_ENUM_CONVERSION = YES;
				CLANG_WARN_INFINITE_RECURSION = YES;
				CLANG_WARN_INT_CONVERSION = YES;
				CLANG_WARN_OBJC_ROOT_CLASS = YES_ERROR;
				CLANG_WARN_SUSPICIOUS_MOVE = YES;
				CLANG_WARN_UNREACHABLE_CODE = YES;
				CLANG_WARN__DUPLICATE_METHOD_MATCH = YES;
				"CODE_SIGN_IDENTITY[sdk=iphoneos*]" = "iPhone Developer";
				COPY_PHASE_STRIP = NO;
				DEBUG_INFORMATION_FORMAT = dwarf;
				ENABLE_STRICT_OBJC_MSGSEND = YES;
				ENABLE_TESTABILITY = YES;
				GCC_C_LANGUAGE_STANDARD = gnu99;
				GCC_DYNAMIC_NO_PIC = NO;
				GCC_NO_COMMON_BLOCKS = YES;
				GCC_OPTIMIZATION_LEVEL = 0;
				GCC_PREPROCESSOR_DEFINITIONS = (
					"DEBUG=1",
					"$(inherited)",
				);
				GCC_WARN_64_TO_32_BIT_CONVERSION = YES;
				GCC_WARN_ABOUT_RETURN_TYPE = YES_ERROR;
				GCC_WARN_UNDECLARED_SELECTOR = YES;
				GCC_WARN_UNINITIALIZED_AUTOS = YES_AGGRESSIVE;
				GCC_WARN_UNUSED_FUNCTION = YES;
				GCC_WARN_UNUSED_VARIABLE = YES;
				IPHONEOS_DEPLOYMENT_TARGET = 10.3;
				MTL_ENABLE_DEBUG_INFO = YES;
				ONLY_ACTIVE_ARCH = YES;
				SDKROOT = iphoneos;
			};
			name = Debug;
		};
		ABEDDE0B1F66805600E8C424 /* Release */ = {
			isa = XCBuildConfiguration;
			buildSettings = {
				ALWAYS_SEARCH_USER_PATHS = NO;
				CLANG_ANALYZER_NONNULL = YES;
				CLANG_ANALYZER_NUMBER_OBJECT_CONVERSION = YES_AGGRESSIVE;
				CLANG_CXX_LANGUAGE_STANDARD = "gnu++0x";
				CLANG_CXX_LIBRARY = "libc++";
				CLANG_ENABLE_MODULES = YES;
				CLANG_ENABLE_OBJC_ARC = YES;
				CLANG_WARN_BOOL_CONVERSION = YES;
				CLANG_WARN_CONSTANT_CONVERSION = YES;
				CLANG_WARN_DIRECT_OBJC_ISA_USAGE = YES_ERROR;
				CLANG_WARN_DOCUMENTATION_COMMENTS = YES;
				CLANG_WARN_EMPTY_BODY = YES;
				CLANG_WARN_ENUM_CONVERSION = YES;
				CLANG_WARN_INFINITE_RECURSION = YES;
				CLANG_WARN_INT_CONVERSION = YES;
				CLANG_WARN_OBJC_ROOT_CLASS = YES_ERROR;
				CLANG_WARN_SUSPICIOUS_MOVE = YES;
				CLANG_WARN_UNREACHABLE_CODE = YES;
				CLANG_WARN__DUPLICATE_METHOD_MATCH = YES;
				"CODE_SIGN_IDENTITY[sdk=iphoneos*]" = "iPhone Developer";
				COPY_PHASE_STRIP = NO;
				DEBUG_INFORMATION_FORMAT = "dwarf-with-dsym";
				ENABLE_NS_ASSERTIONS = NO;
				ENABLE_STRICT_OBJC_MSGSEND = YES;
				GCC_C_LANGUAGE_STANDARD = gnu99;
				GCC_NO_COMMON_BLOCKS = YES;
				GCC_WARN_64_TO_32_BIT_CONVERSION = YES;
				GCC_WARN_ABOUT_RETURN_TYPE = YES_ERROR;
				GCC_WARN_UNDECLARED_SELECTOR = YES;
				GCC_WARN_UNINITIALIZED_AUTOS = YES_AGGRESSIVE;
				GCC_WARN_UNUSED_FUNCTION = YES;
				GCC_WARN_UNUSED_VARIABLE = YES;
				IPHONEOS_DEPLOYMENT_TARGET = 10.3;
				MTL_ENABLE_DEBUG_INFO = NO;
				SDKROOT = iphoneos;
				VALIDATE_PRODUCT = YES;
			};
			name = Release;
		};
		ABEDDE0D1F66805600E8C424 /* Debug */ = {
			isa = XCBuildConfiguration;
			baseConfigurationReference = EE49B1F317356681D05C86E2 /* Pods-LJToolKitDemo.debug.xcconfig */;
			buildSettings = {
				ASSETCATALOG_COMPILER_APPICON_NAME = AppIcon;
				INFOPLIST_FILE = LJToolKitDemo/Info.plist;
				LD_RUNPATH_SEARCH_PATHS = "$(inherited) @executable_path/Frameworks";
				PRODUCT_BUNDLE_IDENTIFIER = com.slj.LJToolKitDemo;
				PRODUCT_NAME = "$(TARGET_NAME)";
			};
			name = Debug;
		};
		ABEDDE0E1F66805600E8C424 /* Release */ = {
			isa = XCBuildConfiguration;
			baseConfigurationReference = B4968F63B2396B82DCE9CDED /* Pods-LJToolKitDemo.release.xcconfig */;
			buildSettings = {
				ASSETCATALOG_COMPILER_APPICON_NAME = AppIcon;
				INFOPLIST_FILE = LJToolKitDemo/Info.plist;
				LD_RUNPATH_SEARCH_PATHS = "$(inherited) @executable_path/Frameworks";
				PRODUCT_BUNDLE_IDENTIFIER = com.slj.LJToolKitDemo;
				PRODUCT_NAME = "$(TARGET_NAME)";
			};
			name = Release;
		};
		ABEDDE101F66805600E8C424 /* Debug */ = {
			isa = XCBuildConfiguration;
			baseConfigurationReference = 4B069434FD1635ECE6B843FC /* Pods-LJToolKitDemoTests.debug.xcconfig */;
			buildSettings = {
				BUNDLE_LOADER = "$(TEST_HOST)";
				INFOPLIST_FILE = LJToolKitDemoTests/Info.plist;
				LD_RUNPATH_SEARCH_PATHS = "$(inherited) @executable_path/Frameworks @loader_path/Frameworks";
				PRODUCT_BUNDLE_IDENTIFIER = com.slj.LJToolKitDemoTests;
				PRODUCT_NAME = "$(TARGET_NAME)";
				TEST_HOST = "$(BUILT_PRODUCTS_DIR)/LJToolKitDemo.app/LJToolKitDemo";
			};
			name = Debug;
		};
		ABEDDE111F66805600E8C424 /* Release */ = {
			isa = XCBuildConfiguration;
			baseConfigurationReference = F148EDB7EF67A30C0CE833A8 /* Pods-LJToolKitDemoTests.release.xcconfig */;
			buildSettings = {
				BUNDLE_LOADER = "$(TEST_HOST)";
				INFOPLIST_FILE = LJToolKitDemoTests/Info.plist;
				LD_RUNPATH_SEARCH_PATHS = "$(inherited) @executable_path/Frameworks @loader_path/Frameworks";
				PRODUCT_BUNDLE_IDENTIFIER = com.slj.LJToolKitDemoTests;
				PRODUCT_NAME = "$(TARGET_NAME)";
				TEST_HOST = "$(BUILT_PRODUCTS_DIR)/LJToolKitDemo.app/LJToolKitDemo";
			};
			name = Release;
		};
		ABEDDE131F66805600E8C424 /* Debug */ = {
			isa = XCBuildConfiguration;
			baseConfigurationReference = 3EA30A219AC64B2C1196B3FB /* Pods-LJToolKitDemoUITests.debug.xcconfig */;
			buildSettings = {
				INFOPLIST_FILE = LJToolKitDemoUITests/Info.plist;
				LD_RUNPATH_SEARCH_PATHS = "$(inherited) @executable_path/Frameworks @loader_path/Frameworks";
				PRODUCT_BUNDLE_IDENTIFIER = com.slj.LJToolKitDemoUITests;
				PRODUCT_NAME = "$(TARGET_NAME)";
				TEST_TARGET_NAME = LJToolKitDemo;
			};
			name = Debug;
		};
		ABEDDE141F66805600E8C424 /* Release */ = {
			isa = XCBuildConfiguration;
			baseConfigurationReference = ADEE75620F56DD8D7239719D /* Pods-LJToolKitDemoUITests.release.xcconfig */;
			buildSettings = {
				INFOPLIST_FILE = LJToolKitDemoUITests/Info.plist;
				LD_RUNPATH_SEARCH_PATHS = "$(inherited) @executable_path/Frameworks @loader_path/Frameworks";
				PRODUCT_BUNDLE_IDENTIFIER = com.slj.LJToolKitDemoUITests;
				PRODUCT_NAME = "$(TARGET_NAME)";
				TEST_TARGET_NAME = LJToolKitDemo;
			};
			name = Release;
		};
/* End XCBuildConfiguration section */

/* Begin XCConfigurationList section */
		ABEDDDDA1F66805600E8C424 /* Build configuration list for PBXProject "LJToolKitDemo" */ = {
			isa = XCConfigurationList;
			buildConfigurations = (
				ABEDDE0A1F66805600E8C424 /* Debug */,
				ABEDDE0B1F66805600E8C424 /* Release */,
			);
			defaultConfigurationIsVisible = 0;
			defaultConfigurationName = Release;
		};
		ABEDDE0C1F66805600E8C424 /* Build configuration list for PBXNativeTarget "LJToolKitDemo" */ = {
			isa = XCConfigurationList;
			buildConfigurations = (
				ABEDDE0D1F66805600E8C424 /* Debug */,
				ABEDDE0E1F66805600E8C424 /* Release */,
			);
			defaultConfigurationIsVisible = 0;
			defaultConfigurationName = Release;
		};
		ABEDDE0F1F66805600E8C424 /* Build configuration list for PBXNativeTarget "LJToolKitDemoTests" */ = {
			isa = XCConfigurationList;
			buildConfigurations = (
				ABEDDE101F66805600E8C424 /* Debug */,
				ABEDDE111F66805600E8C424 /* Release */,
			);
			defaultConfigurationIsVisible = 0;
			defaultConfigurationName = Release;
		};
		ABEDDE121F66805600E8C424 /* Build configuration list for PBXNativeTarget "LJToolKitDemoUITests" */ = {
			isa = XCConfigurationList;
			buildConfigurations = (
				ABEDDE131F66805600E8C424 /* Debug */,
				ABEDDE141F66805600E8C424 /* Release */,
			);
			defaultConfigurationIsVisible = 0;
			defaultConfigurationName = Release;
		};
/* End XCConfigurationList section */
	};
	rootObject = ABEDDDD71F66805600E8C424 /* Project object */;
}
